
Microsoft Visual Studio Solution File, Format Version 12.00
# Visual Studio Version 16
VisualStudioVersion = 16.0.30804.86
MinimumVisualStudioVersion = 10.0.40219.1
Project("{FAE04EC0-301F-11D3-BF4B-00C04F79EFBC}") = "MessingWithCollections", "MessingWithCollections\MessingWithCollections.csproj", "{C6DB2DF3-D258-4E44-A142-54F01AAB1C7C}"
EndProject
Project("{FAE04EC0-301F-11D3-BF4B-00C04F79EFBC}") = "MessingWithEvents", "MessingWithEvents\MessingWithEvents.csproj", "{A9269690-07D2-42A9-8EEF-1A9B9159431D}"
EndProject
Global
	GlobalSection(SolutionConfigurationPlatforms) = preSolution
		Debug|Any CPU = Debug|Any CPU
		Release|Any CPU = Release|Any CPU
	EndGlobalSection
	GlobalSection(ProjectConfigurationPlatforms) = postSolution
		{C6DB2DF3-D258-4E44-A142-54F01AAB1C7C}.Debug|Any CPU.ActiveCfg = Debug|Any CPU
		{C6DB2DF3-D258-4E44-A142-54F01AAB1C7C}.Debug|Any CPU.Build.0 = Debug|Any CPU
		{C6DB2DF3-D258-4E44-A142-54F01AAB1C7C}.Release|Any CPU.ActiveCfg = Release|Any CPU
		{C6DB2DF3-D258-4E44-A142-54F01AAB1C7C}.Release|Any CPU.Build.0 = Release|Any CPU
		{A9269690-07D2-42A9-8EEF-1A9B9159431D}.Debug|Any CPU.ActiveCfg = Debug|Any CPU
		{A9269690-07D2-42A9-8EEF-1A9B9159431D}.Debug|Any CPU.Build.0 = Debug|Any CPU
		{A9269690-07D2-42A9-8EEF-1A9B9159431D}.Release|Any CPU.ActiveCfg = Release|Any CPU
		{A9269690-07D2-42A9-8EEF-1A9B9159431D}.Release|Any CPU.Build.0 = Release|Any CPU
	EndGlobalSection
	GlobalSection(SolutionProperties) = preSolution
		HideSolutionNode = FALSE
	EndGlobalSection
	GlobalSection(ExtensibilityGlobals) = postSolution
		VisualSVNWorkingCopyRoot = .
		SolutionGuid = {63C818F0-4EE9-4AC1-877F-BB3F4224A4BC}
	EndGlobalSection
EndGlobal
